// !$*UTF8*$!
{
	archiveVersion = 1;
	classes = {
	};
	objectVersion = 55;
	objects = {

/* Begin PBXBuildFile section */
		45935CD2274DC01C00A3602D /* AppDelegate.swift in Sources */ = {isa = PBXBuildFile; fileRef = 45935CD1274DC01C00A3602D /* AppDelegate.swift */; };
		45935CD4274DC01C00A3602D /* SceneDelegate.swift in Sources */ = {isa = PBXBuildFile; fileRef = 45935CD3274DC01C00A3602D /* SceneDelegate.swift */; };
		45935CD9274DC01C00A3602D /* Main.storyboard in Resources */ = {isa = PBXBuildFile; fileRef = 45935CD7274DC01C00A3602D /* Main.storyboard */; };
		45935CDB274DC01F00A3602D /* Assets.xcassets in Resources */ = {isa = PBXBuildFile; fileRef = 45935CDA274DC01F00A3602D /* Assets.xcassets */; };
		45935CDE274DC01F00A3602D /* LaunchScreen.storyboard in Resources */ = {isa = PBXBuildFile; fileRef = 45935CDC274DC01F00A3602D /* LaunchScreen.storyboard */; };
		45935CE9274DC01F00A3602D /* ReminderTests.swift in Sources */ = {isa = PBXBuildFile; fileRef = 45935CE8274DC01F00A3602D /* ReminderTests.swift */; };
		45935CF3274DC01F00A3602D /* ReminderUITests.swift in Sources */ = {isa = PBXBuildFile; fileRef = 45935CF2274DC01F00A3602D /* ReminderUITests.swift */; };
		45935CF5274DC01F00A3602D /* ReminderUITestsLaunchTests.swift in Sources */ = {isa = PBXBuildFile; fileRef = 45935CF4274DC01F00A3602D /* ReminderUITestsLaunchTests.swift */; };
		45935D02274DC75F00A3602D /* RemindersTableViewController.swift in Sources */ = {isa = PBXBuildFile; fileRef = 45935D01274DC75F00A3602D /* RemindersTableViewController.swift */; };
		45935D04274DD81F00A3602D /* AddReminderViewController.swift in Sources */ = {isa = PBXBuildFile; fileRef = 45935D03274DD81F00A3602D /* AddReminderViewController.swift */; };
		45A725FA2755EE3D00BC81C9 /* HomeViewController.swift in Sources */ = {isa = PBXBuildFile; fileRef = 45A725F92755EE3D00BC81C9 /* HomeViewController.swift */; };
		45A725FC2755F4DD00BC81C9 /* RecipeViewController.swift in Sources */ = {isa = PBXBuildFile; fileRef = 45A725FB2755F4DD00BC81C9 /* RecipeViewController.swift */; };
		45A725FF2756743100BC81C9 /* A.png in Resources */ = {isa = PBXBuildFile; fileRef = 45A725FD2756743000BC81C9 /* A.png */; };
		45A726002756743100BC81C9 /* B.png in Resources */ = {isa = PBXBuildFile; fileRef = 45A725FE2756743000BC81C9 /* B.png */; };
		45A726022756FBC900BC81C9 /* C.png in Resources */ = {isa = PBXBuildFile; fileRef = 45A726012756FBC800BC81C9 /* C.png */; };
		45A726062756FDE400BC81C9 /* heart-7.png in Resources */ = {isa = PBXBuildFile; fileRef = 45A726052756FDE400BC81C9 /* heart-7.png */; };
		45A7262227584DEA00BC81C9 /* Japanese.png in Resources */ = {isa = PBXBuildFile; fileRef = 45A7261F27584DEA00BC81C9 /* Japanese.png */; };
		45A7262327584DEA00BC81C9 /* English.png in Resources */ = {isa = PBXBuildFile; fileRef = 45A7262027584DEA00BC81C9 /* English.png */; };
		45A7262427584DEA00BC81C9 /* Korean.png in Resources */ = {isa = PBXBuildFile; fileRef = 45A7262127584DEA00BC81C9 /* Korean.png */; };
/* End PBXBuildFile section */

/* Begin PBXContainerItemProxy section */
		45935CE5274DC01F00A3602D /* PBXContainerItemProxy */ = {
			isa = PBXContainerItemProxy;
			containerPortal = 45935CC6274DC01C00A3602D /* Project object */;
			proxyType = 1;
			remoteGlobalIDString = 45935CCD274DC01C00A3602D;
			remoteInfo = Reminder;
		};
		45935CEF274DC01F00A3602D /* PBXContainerItemProxy */ = {
			isa = PBXContainerItemProxy;
			containerPortal = 45935CC6274DC01C00A3602D /* Project object */;
			proxyType = 1;
			remoteGlobalIDString = 45935CCD274DC01C00A3602D;
			remoteInfo = Reminder;
		};
/* End PBXContainerItemProxy section */

/* Begin PBXFileReference section */
		45935CCE274DC01C00A3602D /* FRIDGE.app */ = {isa = PBXFileReference; explicitFileType = wrapper.application; includeInIndex = 0; path = FRIDGE.app; sourceTree = BUILT_PRODUCTS_DIR; };
		45935CD1274DC01C00A3602D /* AppDelegate.swift */ = {isa = PBXFileReference; lastKnownFileType = sourcecode.swift; path = AppDelegate.swift; sourceTree = "<group>"; };
		45935CD3274DC01C00A3602D /* SceneDelegate.swift */ = {isa = PBXFileReference; lastKnownFileType = sourcecode.swift; path = SceneDelegate.swift; sourceTree = "<group>"; };
		45935CD8274DC01C00A3602D /* Base */ = {isa = PBXFileReference; lastKnownFileType = file.storyboard; name = Base; path = Base.lproj/Main.storyboard; sourceTree = "<group>"; };
		45935CDA274DC01F00A3602D /* Assets.xcassets */ = {isa = PBXFileReference; lastKnownFileType = folder.assetcatalog; path = Assets.xcassets; sourceTree = "<group>"; };
		45935CDD274DC01F00A3602D /* Base */ = {isa = PBXFileReference; lastKnownFileType = file.storyboard; name = Base; path = Base.lproj/LaunchScreen.storyboard; sourceTree = "<group>"; };
		45935CDF274DC01F00A3602D /* Info.plist */ = {isa = PBXFileReference; lastKnownFileType = text.plist.xml; path = Info.plist; sourceTree = "<group>"; };
		45935CE4274DC01F00A3602D /* FRIDGETests.xctest */ = {isa = PBXFileReference; explicitFileType = wrapper.cfbundle; includeInIndex = 0; path = FRIDGETests.xctest; sourceTree = BUILT_PRODUCTS_DIR; };
		45935CE8274DC01F00A3602D /* ReminderTests.swift */ = {isa = PBXFileReference; lastKnownFileType = sourcecode.swift; path = ReminderTests.swift; sourceTree = "<group>"; };
		45935CEE274DC01F00A3602D /* FRIDGEUITests.xctest */ = {isa = PBXFileReference; explicitFileType = wrapper.cfbundle; includeInIndex = 0; path = FRIDGEUITests.xctest; sourceTree = BUILT_PRODUCTS_DIR; };
		45935CF2274DC01F00A3602D /* ReminderUITests.swift */ = {isa = PBXFileReference; lastKnownFileType = sourcecode.swift; path = ReminderUITests.swift; sourceTree = "<group>"; };
		45935CF4274DC01F00A3602D /* ReminderUITestsLaunchTests.swift */ = {isa = PBXFileReference; lastKnownFileType = sourcecode.swift; path = ReminderUITestsLaunchTests.swift; sourceTree = "<group>"; };
		45935D01274DC75F00A3602D /* RemindersTableViewController.swift */ = {isa = PBXFileReference; lastKnownFileType = sourcecode.swift; path = RemindersTableViewController.swift; sourceTree = "<group>"; tabWidth = 10; };
		45935D03274DD81F00A3602D /* AddReminderViewController.swift */ = {isa = PBXFileReference; lastKnownFileType = sourcecode.swift; path = AddReminderViewController.swift; sourceTree = "<group>"; };
		45A725F92755EE3D00BC81C9 /* HomeViewController.swift */ = {isa = PBXFileReference; lastKnownFileType = sourcecode.swift; path = HomeViewController.swift; sourceTree = "<group>"; };
		45A725FB2755F4DD00BC81C9 /* RecipeViewController.swift */ = {isa = PBXFileReference; lastKnownFileType = sourcecode.swift; path = RecipeViewController.swift; sourceTree = "<group>"; };
		45A725FD2756743000BC81C9 /* A.png */ = {isa = PBXFileReference; lastKnownFileType = image.png; path = A.png; sourceTree = "<group>"; };
		45A725FE2756743000BC81C9 /* B.png */ = {isa = PBXFileReference; lastKnownFileType = image.png; path = B.png; sourceTree = "<group>"; };
		45A726012756FBC800BC81C9 /* C.png */ = {isa = PBXFileReference; lastKnownFileType = image.png; path = C.png; sourceTree = "<group>"; };
		45A726052756FDE400BC81C9 /* heart-7.png */ = {isa = PBXFileReference; lastKnownFileType = image.png; path = "heart-7.png"; sourceTree = "<group>"; };
		45A7261F27584DEA00BC81C9 /* Japanese.png */ = {isa = PBXFileReference; lastKnownFileType = image.png; path = Japanese.png; sourceTree = "<group>"; };
		45A7262027584DEA00BC81C9 /* English.png */ = {isa = PBXFileReference; lastKnownFileType = image.png; path = English.png; sourceTree = "<group>"; };
		45A7262127584DEA00BC81C9 /* Korean.png */ = {isa = PBXFileReference; lastKnownFileType = image.png; path = Korean.png; sourceTree = "<group>"; };
/* End PBXFileReference section */

/* Begin PBXFrameworksBuildPhase section */
		45935CCB274DC01C00A3602D /* Frameworks */ = {
			isa = PBXFrameworksBuildPhase;
			buildActionMask = 2147483647;
			files = (
			);
			runOnlyForDeploymentPostprocessing = 0;
		};
		45935CE1274DC01F00A3602D /* Frameworks */ = {
			isa = PBXFrameworksBuildPhase;
			buildActionMask = 2147483647;
			files = (
			);
			runOnlyForDeploymentPostprocessing = 0;
		};
		45935CEB274DC01F00A3602D /* Frameworks */ = {
			isa = PBXFrameworksBuildPhase;
			buildActionMask = 2147483647;
			files = (
			);
			runOnlyForDeploymentPostprocessing = 0;
		};
/* End PBXFrameworksBuildPhase section */

/* Begin PBXGroup section */
		45935CC5274DC01C00A3602D = {
			isa = PBXGroup;
			children = (
				45935CD0274DC01C00A3602D /* Reminder */,
				45935CE7274DC01F00A3602D /* ReminderTests */,
				45935CF1274DC01F00A3602D /* ReminderUITests */,
				45935CCF274DC01C00A3602D /* Products */,
			);
			sourceTree = "<group>";
		};
		45935CCF274DC01C00A3602D /* Products */ = {
			isa = PBXGroup;
			children = (
				45935CCE274DC01C00A3602D /* FRIDGE.app */,
				45935CE4274DC01F00A3602D /* FRIDGETests.xctest */,
				45935CEE274DC01F00A3602D /* FRIDGEUITests.xctest */,
			);
			name = Products;
			sourceTree = "<group>";
		};
		45935CD0274DC01C00A3602D /* Reminder */ = {
			isa = PBXGroup;
			children = (
				45935CD1274DC01C00A3602D /* AppDelegate.swift */,
				45935CD3274DC01C00A3602D /* SceneDelegate.swift */,
				45935CD7274DC01C00A3602D /* Main.storyboard */,
				45A725FD2756743000BC81C9 /* A.png */,
				45A7262027584DEA00BC81C9 /* English.png */,
				45A7261F27584DEA00BC81C9 /* Japanese.png */,
				45A7262127584DEA00BC81C9 /* Korean.png */,
				45A726012756FBC800BC81C9 /* C.png */,
				45A726052756FDE400BC81C9 /* heart-7.png */,
				45A725FE2756743000BC81C9 /* B.png */,
				45935D03274DD81F00A3602D /* AddReminderViewController.swift */,
				45935D01274DC75F00A3602D /* RemindersTableViewController.swift */,
				45935CDA274DC01F00A3602D /* Assets.xcassets */,
				45935CDC274DC01F00A3602D /* LaunchScreen.storyboard */,
				45935CDF274DC01F00A3602D /* Info.plist */,
				45A725F92755EE3D00BC81C9 /* HomeViewController.swift */,
				45A725FB2755F4DD00BC81C9 /* RecipeViewController.swift */,
			);
			path = Reminder;
			sourceTree = "<group>";
		};
		45935CE7274DC01F00A3602D /* ReminderTests */ = {
			isa = PBXGroup;
			children = (
				45935CE8274DC01F00A3602D /* ReminderTests.swift */,
			);
			path = ReminderTests;
			sourceTree = "<group>";
		};
		45935CF1274DC01F00A3602D /* ReminderUITests */ = {
			isa = PBXGroup;
			children = (
				45935CF2274DC01F00A3602D /* ReminderUITests.swift */,
				45935CF4274DC01F00A3602D /* ReminderUITestsLaunchTests.swift */,
			);
			path = ReminderUITests;
			sourceTree = "<group>";
		};
/* End PBXGroup section */

/* Begin PBXNativeTarget section */
		45935CCD274DC01C00A3602D /* FRIDGE */ = {
			isa = PBXNativeTarget;
			buildConfigurationList = 45935CF8274DC01F00A3602D /* Build configuration list for PBXNativeTarget "FRIDGE" */;
			buildPhases = (
				45935CCA274DC01C00A3602D /* Sources */,
				45935CCB274DC01C00A3602D /* Frameworks */,
				45935CCC274DC01C00A3602D /* Resources */,
			);
			buildRules = (
			);
			dependencies = (
			);
			name = FRIDGE;
			productName = Reminder;
			productReference = 45935CCE274DC01C00A3602D /* FRIDGE.app */;
			productType = "com.apple.product-type.application";
		};
		45935CE3274DC01F00A3602D /* FRIDGETests */ = {
			isa = PBXNativeTarget;
			buildConfigurationList = 45935CFB274DC01F00A3602D /* Build configuration list for PBXNativeTarget "FRIDGETests" */;
			buildPhases = (
				45935CE0274DC01F00A3602D /* Sources */,
				45935CE1274DC01F00A3602D /* Frameworks */,
				45935CE2274DC01F00A3602D /* Resources */,
			);
			buildRules = (
			);
			dependencies = (
				45935CE6274DC01F00A3602D /* PBXTargetDependency */,
			);
			name = FRIDGETests;
			productName = ReminderTests;
			productReference = 45935CE4274DC01F00A3602D /* FRIDGETests.xctest */;
			productType = "com.apple.product-type.bundle.unit-test";
		};
		45935CED274DC01F00A3602D /* FRIDGEUITests */ = {
			isa = PBXNativeTarget;
			buildConfigurationList = 45935CFE274DC01F00A3602D /* Build configuration list for PBXNativeTarget "FRIDGEUITests" */;
			buildPhases = (
				45935CEA274DC01F00A3602D /* Sources */,
				45935CEB274DC01F00A3602D /* Frameworks */,
				45935CEC274DC01F00A3602D /* Resources */,
			);
			buildRules = (
			);
			dependencies = (
				45935CF0274DC01F00A3602D /* PBXTargetDependency */,
			);
			name = FRIDGEUITests;
			productName = ReminderUITests;
			productReference = 45935CEE274DC01F00A3602D /* FRIDGEUITests.xctest */;
			productType = "com.apple.product-type.bundle.ui-testing";
		};
/* End PBXNativeTarget section */

/* Begin PBXProject section */
		45935CC6274DC01C00A3602D /* Project object */ = {
			isa = PBXProject;
			attributes = {
				BuildIndependentTargetsInParallel = 1;
				LastSwiftUpdateCheck = 1310;
				LastUpgradeCheck = 1310;
				TargetAttributes = {
					45935CCD274DC01C00A3602D = {
						CreatedOnToolsVersion = 13.1;
					};
					45935CE3274DC01F00A3602D = {
						CreatedOnToolsVersion = 13.1;
						TestTargetID = 45935CCD274DC01C00A3602D;
					};
					45935CED274DC01F00A3602D = {
						CreatedOnToolsVersion = 13.1;
						TestTargetID = 45935CCD274DC01C00A3602D;
					};
				};
			};
			buildConfigurationList = 45935CC9274DC01C00A3602D /* Build configuration list for PBXProject "FRIDGE" */;
			compatibilityVersion = "Xcode 13.0";
			developmentRegion = en;
			hasScannedForEncodings = 0;
			knownRegions = (
				en,
				Base,
			);
			mainGroup = 45935CC5274DC01C00A3602D;
			productRefGroup = 45935CCF274DC01C00A3602D /* Products */;
			projectDirPath = "";
			projectRoot = "";
			targets = (
				45935CCD274DC01C00A3602D /* FRIDGE */,
				45935CE3274DC01F00A3602D /* FRIDGETests */,
				45935CED274DC01F00A3602D /* FRIDGEUITests */,
			);
		};
/* End PBXProject section */

/* Begin PBXResourcesBuildPhase section */
		45935CCC274DC01C00A3602D /* Resources */ = {
			isa = PBXResourcesBuildPhase;
			buildActionMask = 2147483647;
			files = (
				45A726002756743100BC81C9 /* B.png in Resources */,
				45A7262427584DEA00BC81C9 /* Korean.png in Resources */,
				45935CDE274DC01F00A3602D /* LaunchScreen.storyboard in Resources */,
				45A725FF2756743100BC81C9 /* A.png in Resources */,
				45A7262327584DEA00BC81C9 /* English.png in Resources */,
				45A726022756FBC900BC81C9 /* C.png in Resources */,
				45935CDB274DC01F00A3602D /* Assets.xcassets in Resources */,
				45A726062756FDE400BC81C9 /* heart-7.png in Resources */,
				45A7262227584DEA00BC81C9 /* Japanese.png in Resources */,
				45935CD9274DC01C00A3602D /* Main.storyboard in Resources */,
			);
			runOnlyForDeploymentPostprocessing = 0;
		};
		45935CE2274DC01F00A3602D /* Resources */ = {
			isa = PBXResourcesBuildPhase;
			buildActionMask = 2147483647;
			files = (
			);
			runOnlyForDeploymentPostprocessing = 0;
		};
		45935CEC274DC01F00A3602D /* Resources */ = {
			isa = PBXResourcesBuildPhase;
			buildActionMask = 2147483647;
			files = (
			);
			runOnlyForDeploymentPostprocessing = 0;
		};
/* End PBXResourcesBuildPhase section */

/* Begin PBXSourcesBuildPhase section */
		45935CCA274DC01C00A3602D /* Sources */ = {
			isa = PBXSourcesBuildPhase;
			buildActionMask = 2147483647;
			files = (
				45A725FA2755EE3D00BC81C9 /* HomeViewController.swift in Sources */,
				45935D04274DD81F00A3602D /* AddReminderViewController.swift in Sources */,
				45A725FC2755F4DD00BC81C9 /* RecipeViewController.swift in Sources */,
				45935CD2274DC01C00A3602D /* AppDelegate.swift in Sources */,
				45935D02274DC75F00A3602D /* RemindersTableViewController.swift in Sources */,
				45935CD4274DC01C00A3602D /* SceneDelegate.swift in Sources */,
			);
			runOnlyForDeploymentPostprocessing = 0;
		};
		45935CE0274DC01F00A3602D /* Sources */ = {
			isa = PBXSourcesBuildPhase;
			buildActionMask = 2147483647;
			files = (
				45935CE9274DC01F00A3602D /* ReminderTests.swift in Sources */,
			);
			runOnlyForDeploymentPostprocessing = 0;
		};
		45935CEA274DC01F00A3602D /* Sources */ = {
			isa = PBXSourcesBuildPhase;
			buildActionMask = 2147483647;
			files = (
				45935CF5274DC01F00A3602D /* ReminderUITestsLaunchTests.swift in Sources */,
				45935CF3274DC01F00A3602D /* ReminderUITests.swift in Sources */,
			);
			runOnlyForDeploymentPostprocessing = 0;
		};
/* End PBXSourcesBuildPhase section */

/* Begin PBXTargetDependency section */
		45935CE6274DC01F00A3602D /* PBXTargetDependency */ = {
			isa = PBXTargetDependency;
			target = 45935CCD274DC01C00A3602D /* FRIDGE */;
			targetProxy = 45935CE5274DC01F00A3602D /* PBXContainerItemProxy */;
		};
		45935CF0274DC01F00A3602D /* PBXTargetDependency */ = {
			isa = PBXTargetDependency;
			target = 45935CCD274DC01C00A3602D /* FRIDGE */;
			targetProxy = 45935CEF274DC01F00A3602D /* PBXContainerItemProxy */;
		};
/* End PBXTargetDependency section */

/* Begin PBXVariantGroup section */
		45935CD7274DC01C00A3602D /* Main.storyboard */ = {
			isa = PBXVariantGroup;
			children = (
				45935CD8274DC01C00A3602D /* Base */,
			);
			name = Main.storyboard;
			sourceTree = "<group>";
		};
		45935CDC274DC01F00A3602D /* LaunchScreen.storyboard */ = {
			isa = PBXVariantGroup;
			children = (
				45935CDD274DC01F00A3602D /* Base */,
			);
			name = LaunchScreen.storyboard;
			sourceTree = "<group>";
		};
/* End PBXVariantGroup section */

/* Begin XCBuildConfiguration section */
		45935CF6274DC01F00A3602D /* Debug */ = {
			isa = XCBuildConfiguration;
			buildSettings = {
				ALWAYS_SEARCH_USER_PATHS = NO;
				CLANG_ANALYZER_NONNULL = YES;
				CLANG_ANALYZER_NUMBER_OBJECT_CONVERSION = YES_AGGRESSIVE;
				CLANG_CXX_LANGUAGE_STANDARD = "gnu++17";
				CLANG_CXX_LIBRARY = "libc++";
				CLANG_ENABLE_MODULES = YES;
				CLANG_ENABLE_OBJC_ARC = YES;
				CLANG_ENABLE_OBJC_WEAK = YES;
				CLANG_WARN_BLOCK_CAPTURE_AUTORELEASING = YES;
				CLANG_WARN_BOOL_CONVERSION = YES;
				CLANG_WARN_COMMA = YES;
				CLANG_WARN_CONSTANT_CONVERSION = YES;
				CLANG_WARN_DEPRECATED_OBJC_IMPLEMENTATIONS = YES;
				CLANG_WARN_DIRECT_OBJC_ISA_USAGE = YES_ERROR;
				CLANG_WARN_DOCUMENTATION_COMMENTS = YES;
				CLANG_WARN_EMPTY_BODY = YES;
				CLANG_WARN_ENUM_CONVERSION = YES;
				CLANG_WARN_INFINITE_RECURSION = YES;
				CLANG_WARN_INT_CONVERSION = YES;
				CLANG_WARN_NON_LITERAL_NULL_CONVERSION = YES;
				CLANG_WARN_OBJC_IMPLICIT_RETAIN_SELF = YES;
				CLANG_WARN_OBJC_LITERAL_CONVERSION = YES;
				CLANG_WARN_OBJC_ROOT_CLASS = YES_ERROR;
				CLANG_WARN_QUOTED_INCLUDE_IN_FRAMEWORK_HEADER = YES;
				CLANG_WARN_RANGE_LOOP_ANALYSIS = YES;
				CLANG_WARN_STRICT_PROTOTYPES = YES;
				CLANG_WARN_SUSPICIOUS_MOVE = YES;
				CLANG_WARN_UNGUARDED_AVAILABILITY = YES_AGGRESSIVE;
				CLANG_WARN_UNREACHABLE_CODE = YES;
				CLANG_WARN__DUPLICATE_METHOD_MATCH = YES;
				COPY_PHASE_STRIP = NO;
				DEBUG_INFORMATION_FORMAT = dwarf;
				ENABLE_STRICT_OBJC_MSGSEND = YES;
				ENABLE_TESTABILITY = YES;
				GCC_C_LANGUAGE_STANDARD = gnu11;
				GCC_DYNAMIC_NO_PIC = NO;
				GCC_NO_COMMON_BLOCKS = YES;
				GCC_OPTIMIZATION_LEVEL = 0;
				GCC_PREPROCESSOR_DEFINITIONS = (
					"DEBUG=1",
					"$(inherited)",
				);
				GCC_WARN_64_TO_32_BIT_CONVERSION = YES;
				GCC_WARN_ABOUT_RETURN_TYPE = YES_ERROR;
				GCC_WARN_UNDECLARED_SELECTOR = YES;
				GCC_WARN_UNINITIALIZED_AUTOS = YES_AGGRESSIVE;
				GCC_WARN_UNUSED_FUNCTION = YES;
				GCC_WARN_UNUSED_VARIABLE = YES;
				IPHONEOS_DEPLOYMENT_TARGET = 15.0;
				MTL_ENABLE_DEBUG_INFO = INCLUDE_SOURCE;
				MTL_FAST_MATH = YES;
				ONLY_ACTIVE_ARCH = YES;
				SDKROOT = iphoneos;
				SWIFT_ACTIVE_COMPILATION_CONDITIONS = DEBUG;
				SWIFT_OPTIMIZATION_LEVEL = "-Onone";
			};
			name = Debug;
		};
		45935CF7274DC01F00A3602D /* Release */ = {
			isa = XCBuildConfiguration;
			buildSettings = {
				ALWAYS_SEARCH_USER_PATHS = NO;
				CLANG_ANALYZER_NONNULL = YES;
				CLANG_ANALYZER_NUMBER_OBJECT_CONVERSION = YES_AGGRESSIVE;
				CLANG_CXX_LANGUAGE_STANDARD = "gnu++17";
				CLANG_CXX_LIBRARY = "libc++";
				CLANG_ENABLE_MODULES = YES;
				CLANG_ENABLE_OBJC_ARC = YES;
				CLANG_ENABLE_OBJC_WEAK = YES;
				CLANG_WARN_BLOCK_CAPTURE_AUTORELEASING = YES;
				CLANG_WARN_BOOL_CONVERSION = YES;
				CLANG_WARN_COMMA = YES;
				CLANG_WARN_CONSTANT_CONVERSION = YES;
				CLANG_WARN_DEPRECATED_OBJC_IMPLEMENTATIONS = YES;
				CLANG_WARN_DIRECT_OBJC_ISA_USAGE = YES_ERROR;
				CLANG_WARN_DOCUMENTATION_COMMENTS = YES;
				CLANG_WARN_EMPTY_BODY = YES;
				CLANG_WARN_ENUM_CONVERSION = YES;
				CLANG_WARN_INFINITE_RECURSION = YES;
				CLANG_WARN_INT_CONVERSION = YES;
				CLANG_WARN_NON_LITERAL_NULL_CONVERSION = YES;
				CLANG_WARN_OBJC_IMPLICIT_RETAIN_SELF = YES;
				CLANG_WARN_OBJC_LITERAL_CONVERSION = YES;
				CLANG_WARN_OBJC_ROOT_CLASS = YES_ERROR;
				CLANG_WARN_QUOTED_INCLUDE_IN_FRAMEWORK_HEADER = YES;
				CLANG_WARN_RANGE_LOOP_ANALYSIS = YES;
				CLANG_WARN_STRICT_PROTOTYPES = YES;
				CLANG_WARN_SUSPICIOUS_MOVE = YES;
				CLANG_WARN_UNGUARDED_AVAILABILITY = YES_AGGRESSIVE;
				CLANG_WARN_UNREACHABLE_CODE = YES;
				CLANG_WARN__DUPLICATE_METHOD_MATCH = YES;
				COPY_PHASE_STRIP = NO;
				DEBUG_INFORMATION_FORMAT = "dwarf-with-dsym";
				ENABLE_NS_ASSERTIONS = NO;
				ENABLE_STRICT_OBJC_MSGSEND = YES;
				GCC_C_LANGUAGE_STANDARD = gnu11;
				GCC_NO_COMMON_BLOCKS = YES;
				GCC_WARN_64_TO_32_BIT_CONVERSION = YES;
				GCC_WARN_ABOUT_RETURN_TYPE = YES_ERROR;
				GCC_WARN_UNDECLARED_SELECTOR = YES;
				GCC_WARN_UNINITIALIZED_AUTOS = YES_AGGRESSIVE;
				GCC_WARN_UNUSED_FUNCTION = YES;
				GCC_WARN_UNUSED_VARIABLE = YES;
				IPHONEOS_DEPLOYMENT_TARGET = 15.0;
				MTL_ENABLE_DEBUG_INFO = NO;
				MTL_FAST_MATH = YES;
				SDKROOT = iphoneos;
				SWIFT_COMPILATION_MODE = wholemodule;
				SWIFT_OPTIMIZATION_LEVEL = "-O";
				VALIDATE_PRODUCT = YES;
			};
			name = Release;
		};
		45935CF9274DC01F00A3602D /* Debug */ = {
			isa = XCBuildConfiguration;
			buildSettings = {
				ASSETCATALOG_COMPILER_APPICON_NAME = AppIcon;
				ASSETCATALOG_COMPILER_GLOBAL_ACCENT_COLOR_NAME = AccentColor;
				CODE_SIGN_STYLE = Automatic;
				CURRENT_PROJECT_VERSION = 1;
				GENERATE_INFOPLIST_FILE = YES;
				INFOPLIST_FILE = Reminder/Info.plist;
				INFOPLIST_KEY_UIApplicationSupportsIndirectInputEvents = YES;
				INFOPLIST_KEY_UILaunchStoryboardName = LaunchScreen;
				INFOPLIST_KEY_UIMainStoryboardFile = Main;
				INFOPLIST_KEY_UISupportedInterfaceOrientations_iPad = "UIInterfaceOrientationPortrait UIInterfaceOrientationPortraitUpsideDown UIInterfaceOrientationLandscapeLeft UIInterfaceOrientationLandscapeRight";
				INFOPLIST_KEY_UISupportedInterfaceOrientations_iPhone = "UIInterfaceOrientationPortrait UIInterfaceOrientationLandscapeLeft UIInterfaceOrientationLandscapeRight";
				LD_RUNPATH_SEARCH_PATHS = (
					"$(inherited)",
					"@executable_path/Frameworks",
				);
				MARKETING_VERSION = 1.0;
				PRODUCT_BUNDLE_IDENTIFIER = com.Reminder;
				PRODUCT_NAME = "$(TARGET_NAME)";
				SWIFT_EMIT_LOC_STRINGS = YES;
				SWIFT_VERSION = 5.0;
				TARGETED_DEVICE_FAMILY = "1,2";
			};
			name = Debug;
		};
		45935CFA274DC01F00A3602D /* Release */ = {
			isa = XCBuildConfiguration;
			buildSettings = {
				ASSETCATALOG_COMPILER_APPICON_NAME = AppIcon;
				ASSETCATALOG_COMPILER_GLOBAL_ACCENT_COLOR_NAME = AccentColor;
				CODE_SIGN_STYLE = Automatic;
				CURRENT_PROJECT_VERSION = 1;
				GENERATE_INFOPLIST_FILE = YES;
				INFOPLIST_FILE = Reminder/Info.plist;
				INFOPLIST_KEY_UIApplicationSupportsIndirectInputEvents = YES;
				INFOPLIST_KEY_UILaunchStoryboardName = LaunchScreen;
				INFOPLIST_KEY_UIMainStoryboardFile = Main;
				INFOPLIST_KEY_UISupportedInterfaceOrientations_iPad = "UIInterfaceOrientationPortrait UIInterfaceOrientationPortraitUpsideDown UIInterfaceOrientationLandscapeLeft UIInterfaceOrientationLandscapeRight";
				INFOPLIST_KEY_UISupportedInterfaceOrientations_iPhone = "UIInterfaceOrientationPortrait UIInterfaceOrientationLandscapeLeft UIInterfaceOrientationLandscapeRight";
				LD_RUNPATH_SEARCH_PATHS = (
					"$(inherited)",
					"@executable_path/Frameworks",
				);
				MARKETING_VERSION = 1.0;
				PRODUCT_BUNDLE_IDENTIFIER = com.Reminder;
				PRODUCT_NAME = "$(TARGET_NAME)";
				SWIFT_EMIT_LOC_STRINGS = YES;
				SWIFT_VERSION = 5.0;
				TARGETED_DEVICE_FAMILY = "1,2";
			};
			name = Release;
		};
		45935CFC274DC01F00A3602D /* Debug */ = {
			isa = XCBuildConfiguration;
			buildSettings = {
				ALWAYS_EMBED_SWIFT_STANDARD_LIBRARIES = YES;
				BUNDLE_LOADER = "$(TEST_HOST)";
				CODE_SIGN_STYLE = Automatic;
				CURRENT_PROJECT_VERSION = 1;
				GENERATE_INFOPLIST_FILE = YES;
				IPHONEOS_DEPLOYMENT_TARGET = 15.0;
				LD_RUNPATH_SEARCH_PATHS = (
					"$(inherited)",
					"@executable_path/Frameworks",
					"@loader_path/Frameworks",
				);
				MARKETING_VERSION = 1.0;
				PRODUCT_BUNDLE_IDENTIFIER = com.ReminderTests;
				PRODUCT_NAME = "$(TARGET_NAME)";
				SWIFT_EMIT_LOC_STRINGS = NO;
				SWIFT_VERSION = 5.0;
				TARGETED_DEVICE_FAMILY = "1,2";
				TEST_HOST = "$(BUILT_PRODUCTS_DIR)/FRIDGE.app/FRIDGE";
			};
			name = Debug;
		};
		45935CFD274DC01F00A3602D /* Release */ = {
			isa = XCBuildConfiguration;
			buildSettings = {
				ALWAYS_EMBED_SWIFT_STANDARD_LIBRARIES = YES;
				BUNDLE_LOADER = "$(TEST_HOST)";
				CODE_SIGN_STYLE = Automatic;
				CURRENT_PROJECT_VERSION = 1;
				GENERATE_INFOPLIST_FILE = YES;
				IPHONEOS_DEPLOYMENT_TARGET = 15.0;
				LD_RUNPATH_SEARCH_PATHS = (
					"$(inherited)",
					"@executable_path/Frameworks",
					"@loader_path/Frameworks",
				);
				MARKETING_VERSION = 1.0;
				PRODUCT_BUNDLE_IDENTIFIER = com.ReminderTests;
				PRODUCT_NAME = "$(TARGET_NAME)";
				SWIFT_EMIT_LOC_STRINGS = NO;
				SWIFT_VERSION = 5.0;
				TARGETED_DEVICE_FAMILY = "1,2";
				TEST_HOST = "$(BUILT_PRODUCTS_DIR)/FRIDGE.app/FRIDGE";
			};
			name = Release;
		};
		45935CFF274DC01F00A3602D /* Debug */ = {
			isa = XCBuildConfiguration;
			buildSettings = {
				ALWAYS_EMBED_SWIFT_STANDARD_LIBRARIES = YES;
				CODE_SIGN_STYLE = Automatic;
				CURRENT_PROJECT_VERSION = 1;
				GENERATE_INFOPLIST_FILE = YES;
				LD_RUNPATH_SEARCH_PATHS = (
					"$(inherited)",
					"@executable_path/Frameworks",
					"@loader_path/Frameworks",
				);
				MARKETING_VERSION = 1.0;
				PRODUCT_BUNDLE_IDENTIFIER = com.ReminderUITests;
				PRODUCT_NAME = "$(TARGET_NAME)";
				SWIFT_EMIT_LOC_STRINGS = NO;
				SWIFT_VERSION = 5.0;
				TARGETED_DEVICE_FAMILY = "1,2";
				TEST_TARGET_NAME = Reminder;
			};
			name = Debug;
		};
		45935D00274DC01F00A3602D /* Release */ = {
			isa = XCBuildConfiguration;
			buildSettings = {
				ALWAYS_EMBED_SWIFT_STANDARD_LIBRARIES = YES;
				CODE_SIGN_STYLE = Automatic;
				CURRENT_PROJECT_VERSION = 1;
				GENERATE_INFOPLIST_FILE = YES;
				LD_RUNPATH_SEARCH_PATHS = (
					"$(inherited)",
					"@executable_path/Frameworks",
					"@loader_path/Frameworks",
				);
				MARKETING_VERSION = 1.0;
				PRODUCT_BUNDLE_IDENTIFIER = com.ReminderUITests;
				PRODUCT_NAME = "$(TARGET_NAME)";
				SWIFT_EMIT_LOC_STRINGS = NO;
				SWIFT_VERSION = 5.0;
				TARGETED_DEVICE_FAMILY = "1,2";
				TEST_TARGET_NAME = Reminder;
			};
			name = Release;
		};
/* End XCBuildConfiguration section */

/* Begin XCConfigurationList section */
		45935CC9274DC01C00A3602D /* Build configuration list for PBXProject "FRIDGE" */ = {
			isa = XCConfigurationList;
			buildConfigurations = (
				45935CF6274DC01F00A3602D /* Debug */,
				45935CF7274DC01F00A3602D /* Release */,
			);
			defaultConfigurationIsVisible = 0;
			defaultConfigurationName = Release;
		};
		45935CF8274DC01F00A3602D /* Build configuration list for PBXNativeTarget "FRIDGE" */ = {
			isa = XCConfigurationList;
			buildConfigurations = (
				45935CF9274DC01F00A3602D /* Debug */,
				45935CFA274DC01F00A3602D /* Release */,
			);
			defaultConfigurationIsVisible = 0;
			defaultConfigurationName = Release;
		};
		45935CFB274DC01F00A3602D /* Build configuration list for PBXNativeTarget "FRIDGETests" */ = {
			isa = XCConfigurationList;
			buildConfigurations = (
				45935CFC274DC01F00A3602D /* Debug */,
				45935CFD274DC01F00A3602D /* Release */,
			);
			defaultConfigurationIsVisible = 0;
			defaultConfigurationName = Release;
		};
		45935CFE274DC01F00A3602D /* Build configuration list for PBXNativeTarget "FRIDGEUITests" */ = {
			isa = XCConfigurationList;
			buildConfigurations = (
				45935CFF274DC01F00A3602D /* Debug */,
				45935D00274DC01F00A3602D /* Release */,
			);
			defaultConfigurationIsVisible = 0;
			defaultConfigurationName = Release;
		};
/* End XCConfigurationList section */
	};
	rootObject = 45935CC6274DC01C00A3602D /* Project object */;
}
